
Microsoft Visual Studio Solution File, Format Version 12.00
# Visual Studio Version 17
VisualStudioVersion = 17.14.36121.58 d17.14
MinimumVisualStudioVersion = 10.0.40219.1
Project("{FAE04EC0-301F-11D3-BF4B-00C04F79EFBC}") = "Evidencia2", "Evidencia2.csproj", "{95F54F1E-9F3C-4A03-84F3-004535DA6A11}"
EndProject
Global
	GlobalSection(SolutionConfigurationPlatforms) = preSolution
		Debug|Any CPU = Debug|Any CPU
		Release|Any CPU = Release|Any CPU
	EndGlobalSection
	GlobalSection(ProjectConfigurationPlatforms) = postSolution
		{95F54F1E-9F3C-4A03-84F3-004535DA6A11}.Debug|Any CPU.ActiveCfg = Debug|Any CPU
		{95F54F1E-9F3C-4A03-84F3-004535DA6A11}.Debug|Any CPU.Build.0 = Debug|Any CPU
		{95F54F1E-9F3C-4A03-84F3-004535DA6A11}.Release|Any CPU.ActiveCfg = Release|Any CPU
		{95F54F1E-9F3C-4A03-84F3-004535DA6A11}.Release|Any CPU.Build.0 = Release|Any CPU
	EndGlobalSection
	GlobalSection(SolutionProperties) = preSolution
		HideSolutionNode = FALSE
	EndGlobalSection
	GlobalSection(ExtensibilityGlobals) = postSolution
		SolutionGuid = {CDBC1EF6-2E66-4074-A36C-61A6A578B9E2}
	EndGlobalSection
EndGlobal
